# This file is autogenerated, do not edit; changes may be undone by the next 'dep ensure'.


[[projects]]
  branch = "master"
  name = "github.com/jmoiron/sqlx"
  packages = [
    ".",
    "reflectx"
  ]
  revision = "cf35089a197953c69420c8d0cecda90809764b1d"

[solve-meta]
  analyzer-name = "dep"
  analyzer-version = 1
  inputs-digest = "df2cbed2267c35df228edbcb5624380528d546d2e786add8b302ebd8b981cf8d"
  solver-name = "gps-cdcl"
  solver-version = 1
